{
  "schemaVersion": 1,
  "lockId": "nelos-proxmox-desktop-ubuntu-24.04-amd64-20260819",
  "generatedAt": "2026-08-19T00:00:00.000Z",
  "platform": {
    "distribution": "ubuntu",
    "release": "24.04",
    "architecture": "amd64"
  },
  "artifacts": {
    "ubuntuBase": {
      "name": "ubuntu-24.04-server-cloudimg-amd64.img",
      "source": "https://cloud-images.ubuntu.com/releases/noble/release-20260801/ubuntu-24.04-server-cloudimg-amd64.img",
      "version": "24.04-release-20260801",
      "digest": "sha256:0533b0655c32e68b31d792ecd6ccfca95abdbc536c4446874fe0513bd4140ffe",
      "signatureIdentity": {
        "scheme": "openpgp-detached-sha256sums",
        "issuer": "Ubuntu Cloud Image Builder",
        "subject": "Ubuntu CD Image Automatic Signing Key (2012)",
        "fingerprint": "843938DF228D22F7B3742BC0D94AA3F0EFE21092"
      }
    },
    "qga": {
      "name": "qemu-guest-agent",
      "source": "https://snapshot.ubuntu.com/ubuntu/20260801T120000Z/pool/universe/q/qemu/qemu-guest-agent_8.2.2+ds-0ubuntu1.17_amd64.deb",
      "version": "1:8.2.2+ds-0ubuntu1.17",
      "digest": "sha256:fb54d1153c7e96e1105f20386dc23a178ad4c3033327683c959f7b843ce3e31f",
      "signatureIdentity": {
        "scheme": "apt-release-inrelease",
        "issuer": "Ubuntu Archive",
        "subject": "Ubuntu Archive Automatic Signing Key (2018)",
        "fingerprint": "F6ECB3762474EDA9D21B7022871920D1991BC93C"
      }
    },
    "graphicalSession": [
      {
        "name": "ubuntu-desktop-minimal",
        "source": "https://snapshot.ubuntu.com/ubuntu/20260801T120000Z/pool/main/u/ubuntu-meta/ubuntu-desktop-minimal_1.539.2_amd64.deb",
        "version": "1.539.2",
        "digest": "sha256:fef7780320e50c1453e6d1346862c283e70616631204ecf73e29f41d038cbe48",
        "signatureIdentity": {
          "scheme": "apt-release-inrelease",
          "issuer": "Ubuntu Archive",
          "subject": "Ubuntu Archive Automatic Signing Key (2018)",
          "fingerprint": "F6ECB3762474EDA9D21B7022871920D1991BC93C"
        }
      },
      {
        "name": "gdm3",
        "source": "https://snapshot.ubuntu.com/ubuntu/20260801T120000Z/pool/main/g/gdm3/gdm3_46.2-1ubuntu1~24.04.9_amd64.deb",
        "version": "46.2-1ubuntu1~24.04.9",
        "digest": "sha256:d23b6242076fc4cd7e753db0f535d2500371109ab4e2c1ef002db1221fa3f27e",
        "signatureIdentity": {
          "scheme": "apt-release-inrelease",
          "issuer": "Ubuntu Archive",
          "subject": "Ubuntu Archive Automatic Signing Key (2018)",
          "fingerprint": "F6ECB3762474EDA9D21B7022871920D1991BC93C"
        }
      },
      {
        "name": "gnome-session",
        "source": "https://snapshot.ubuntu.com/ubuntu/20260801T120000Z/pool/universe/g/gnome-session/gnome-session_46.0-1ubuntu4_all.deb",
        "version": "46.0-1ubuntu4",
        "digest": "sha256:1cfea4922b4da9a9a68509e2faa274740cfad14596d64dd4f89d2e08f794880d",
        "signatureIdentity": {
          "scheme": "apt-release-inrelease",
          "issuer": "Ubuntu Archive",
          "subject": "Ubuntu Archive Automatic Signing Key (2018)",
          "fingerprint": "F6ECB3762474EDA9D21B7022871920D1991BC93C"
        }
      }
    ],
    "chatgptDesktop": {
      "name": "chatgpt",
      "source": "https://persistent.oaistatic.com/codex-app-prod/linux/deb/pool/main/c/chatgpt/chatgpt_26.814.41957_amd64.deb",
      "version": "26.814.41957",
      "digest": "sha256:4778b26a7abd08647214d5b05c17bd3ebe2d9688d146dabf017c1a2faf93ac7d",
      "signatureIdentity": {
        "scheme": "debsig-origin-openpgp",
        "issuer": "OpenAI",
        "subject": "Codex Linux Repository",
        "fingerprint": "3BFA0E4AE8B8CC16A2D9BA684A3B4A566C4660E4"
      },
      "signingKeyDigest": "sha256:23e2cfbdef6afe95505f9e95a2cb63585da7ffe9b06a51ec08a32407c847d596",
      "bundledCodexVersion": "0.148.0-alpha.15",
      "maturity": "preview",
      "officialDocumentation": "https://learn.chatgpt.com/docs/linux/linux-app"
    },
    "signatureVerifier": {
      "name": "debsig-verify",
      "source": "https://snapshot.ubuntu.com/ubuntu/20260801T120000Z/pool/universe/d/debsig-verify/debsig-verify_0.29_amd64.deb",
      "version": "0.29",
      "digest": "sha256:ed52d241da0da0f1d05cef6d842db8464f40697ba1ed3188bda09efed5fcb6b3",
      "signatureIdentity": {
        "scheme": "apt-release-inrelease",
        "issuer": "Ubuntu Archive",
        "subject": "Ubuntu Archive Automatic Signing Key (2018)",
        "fingerprint": "F6ECB3762474EDA9D21B7022871920D1991BC93C"
      }
    }
  },
  "policy": {
    "allowFloatingVersions": false,
    "allowUnsignedArtifacts": false,
    "aptSnapshot": "20260801T120000Z"
  }
}
