{
  "name": "nelos",
  "version": "0.4.0+codex.20260728150808",
  "lockfileVersion": 3,
  "requires": true,
  "packages": {
    "": {
      "name": "nelos",
      "version": "0.4.0+codex.20260728150808",
      "license": "MIT",
      "bin": {
        "nelos": "bin/nelos",
        "nelos-install-distribution": "bin/nelos-install-distribution",
        "nelos-install-skill": "bin/nelos-install-skill",
        "nelos-title": "bin/nelos-title",
        "nelos-verify-distribution": "bin/nelos-verify-distribution"
      },
      "engines": {
        "node": ">=20"
      }
    }
  }
}
