{
  "name": "fraktik",
  "version": "0.1.0",
  "lockfileVersion": 3,
  "requires": true,
  "packages": {
    "": {
      "name": "fraktik",
      "version": "0.1.0",
      "license": "MIT",
      "bin": {
        "fraktik": "bin/fraktik",
        "fraktik-install-distribution": "bin/fraktik-install-distribution",
        "fraktik-install-skill": "bin/fraktik-install-skill",
        "fraktik-title": "bin/fraktik-title",
        "fraktik-verify-distribution": "bin/fraktik-verify-distribution"
      },
      "engines": {
        "node": ">=20"
      }
    }
  }
}
